
Microsoft Visual Studio Solution File, Format Version 12.00
# Visual Studio Version 17
VisualStudioVersion = 17.5.33516.290
MinimumVisualStudioVersion = 10.0.40219.1
Project("{FAE04EC0-301F-11D3-BF4B-00C04F79EFBC}") = "Algorithms", "Algorithms\Algorithms.csproj", "{C599E68B-C682-48D6-9E69-FFCA27D7F783}"
EndProject
Project("{FAE04EC0-301F-11D3-BF4B-00C04F79EFBC}") = "AlgorithmsTests", "AlgorithmsTests\AlgorithmsTests.csproj", "{41D55C86-0D1F-4EA4-957B-6DD8FA1AFB73}"
EndProject
Project("{FAE04EC0-301F-11D3-BF4B-00C04F79EFBC}") = "AlgorithmsBenchmark", "AlgorithmsBenchmark\AlgorithmsBenchmark.csproj", "{FDE4ABB4-2783-42F5-B678-959E830DD5EF}"
EndProject
Global
	GlobalSection(SolutionConfigurationPlatforms) = preSolution
		Debug|Any CPU = Debug|Any CPU
		Release|Any CPU = Release|Any CPU
	EndGlobalSection
	GlobalSection(ProjectConfigurationPlatforms) = postSolution
		{C599E68B-C682-48D6-9E69-FFCA27D7F783}.Debug|Any CPU.ActiveCfg = Debug|Any CPU
		{C599E68B-C682-48D6-9E69-FFCA27D7F783}.Debug|Any CPU.Build.0 = Debug|Any CPU
		{C599E68B-C682-48D6-9E69-FFCA27D7F783}.Release|Any CPU.ActiveCfg = Release|Any CPU
		{C599E68B-C682-48D6-9E69-FFCA27D7F783}.Release|Any CPU.Build.0 = Release|Any CPU
		{41D55C86-0D1F-4EA4-957B-6DD8FA1AFB73}.Debug|Any CPU.ActiveCfg = Debug|Any CPU
		{41D55C86-0D1F-4EA4-957B-6DD8FA1AFB73}.Debug|Any CPU.Build.0 = Debug|Any CPU
		{41D55C86-0D1F-4EA4-957B-6DD8FA1AFB73}.Release|Any CPU.ActiveCfg = Release|Any CPU
		{41D55C86-0D1F-4EA4-957B-6DD8FA1AFB73}.Release|Any CPU.Build.0 = Release|Any CPU
		{FDE4ABB4-2783-42F5-B678-959E830DD5EF}.Debug|Any CPU.ActiveCfg = Debug|Any CPU
		{FDE4ABB4-2783-42F5-B678-959E830DD5EF}.Debug|Any CPU.Build.0 = Debug|Any CPU
		{FDE4ABB4-2783-42F5-B678-959E830DD5EF}.Release|Any CPU.ActiveCfg = Release|Any CPU
		{FDE4ABB4-2783-42F5-B678-959E830DD5EF}.Release|Any CPU.Build.0 = Release|Any CPU
	EndGlobalSection
	GlobalSection(SolutionProperties) = preSolution
		HideSolutionNode = FALSE
	EndGlobalSection
	GlobalSection(ExtensibilityGlobals) = postSolution
		SolutionGuid = {E98621D7-95D5-4667-924E-E1993B716DAD}
	EndGlobalSection
EndGlobal
